// !$*UTF8*$!
{
	archiveVersion = 1;
	classes = {
	};
	objectVersion = 50;
	objects = {

/* Begin PBXBuildFile section */
		2798192D26C5ABBA00A588C1 /* AppDelegate.swift in Sources */ = {isa = PBXBuildFile; fileRef = 2798192C26C5ABBA00A588C1 /* AppDelegate.swift */; };
		2798192F26C5ABBA00A588C1 /* SceneDelegate.swift in Sources */ = {isa = PBXBuildFile; fileRef = 2798192E26C5ABBA00A588C1 /* SceneDelegate.swift */; };
		2798193126C5ABBA00A588C1 /* ViewController.swift in Sources */ = {isa = PBXBuildFile; fileRef = 2798193026C5ABBA00A588C1 /* ViewController.swift */; };
		2798193426C5ABBA00A588C1 /* Main.storyboard in Resources */ = {isa = PBXBuildFile; fileRef = 2798193226C5ABBA00A588C1 /* Main.storyboard */; };
		2798193626C5ABD600A588C1 /* Assets.xcassets in Resources */ = {isa = PBXBuildFile; fileRef = 2798193526C5ABD600A588C1 /* Assets.xcassets */; };
		2798193926C5ABD600A588C1 /* LaunchScreen.storyboard in Resources */ = {isa = PBXBuildFile; fileRef = 2798193726C5ABD600A588C1 /* LaunchScreen.storyboard */; };
		2798194426C5ABD700A588C1 /* I_am_RichTests.swift in Sources */ = {isa = PBXBuildFile; fileRef = 2798194326C5ABD700A588C1 /* I_am_RichTests.swift */; };
		2798194F26C5ABD700A588C1 /* I_am_RichUITests.swift in Sources */ = {isa = PBXBuildFile; fileRef = 2798194E26C5ABD700A588C1 /* I_am_RichUITests.swift */; };
/* End PBXBuildFile section */

/* Begin PBXContainerItemProxy section */
		2798194026C5ABD700A588C1 /* PBXContainerItemProxy */ = {
			isa = PBXContainerItemProxy;
			containerPortal = 2798192126C5ABB900A588C1 /* Project object */;
			proxyType = 1;
			remoteGlobalIDString = 2798192826C5ABB900A588C1;
			remoteInfo = "I am Rich";
		};
		2798194B26C5ABD700A588C1 /* PBXContainerItemProxy */ = {
			isa = PBXContainerItemProxy;
			containerPortal = 2798192126C5ABB900A588C1 /* Project object */;
			proxyType = 1;
			remoteGlobalIDString = 2798192826C5ABB900A588C1;
			remoteInfo = "I am Rich";
		};
/* End PBXContainerItemProxy section */

/* Begin PBXFileReference section */
		2798192926C5ABBA00A588C1 /* I am Rich.app */ = {isa = PBXFileReference; explicitFileType = wrapper.application; includeInIndex = 0; path = "I am Rich.app"; sourceTree = BUILT_PRODUCTS_DIR; };
		2798192C26C5ABBA00A588C1 /* AppDelegate.swift */ = {isa = PBXFileReference; lastKnownFileType = sourcecode.swift; path = AppDelegate.swift; sourceTree = "<group>"; };
		2798192E26C5ABBA00A588C1 /* SceneDelegate.swift */ = {isa = PBXFileReference; lastKnownFileType = sourcecode.swift; path = SceneDelegate.swift; sourceTree = "<group>"; };
		2798193026C5ABBA00A588C1 /* ViewController.swift */ = {isa = PBXFileReference; lastKnownFileType = sourcecode.swift; path = ViewController.swift; sourceTree = "<group>"; };
		2798193326C5ABBA00A588C1 /* Base */ = {isa = PBXFileReference; lastKnownFileType = file.storyboard; name = Base; path = Base.lproj/Main.storyboard; sourceTree = "<group>"; };
		2798193526C5ABD600A588C1 /* Assets.xcassets */ = {isa = PBXFileReference; lastKnownFileType = folder.assetcatalog; path = Assets.xcassets; sourceTree = "<group>"; };
		2798193826C5ABD600A588C1 /* Base */ = {isa = PBXFileReference; lastKnownFileType = file.storyboard; name = Base; path = Base.lproj/LaunchScreen.storyboard; sourceTree = "<group>"; };
		2798193A26C5ABD600A588C1 /* Info.plist */ = {isa = PBXFileReference; lastKnownFileType = text.plist.xml; path = Info.plist; sourceTree = "<group>"; };
		2798193F26C5ABD700A588C1 /* I am RichTests.xctest */ = {isa = PBXFileReference; explicitFileType = wrapper.cfbundle; includeInIndex = 0; path = "I am RichTests.xctest"; sourceTree = BUILT_PRODUCTS_DIR; };
		2798194326C5ABD700A588C1 /* I_am_RichTests.swift */ = {isa = PBXFileReference; lastKnownFileType = sourcecode.swift; path = I_am_RichTests.swift; sourceTree = "<group>"; };
		2798194526C5ABD700A588C1 /* Info.plist */ = {isa = PBXFileReference; lastKnownFileType = text.plist.xml; path = Info.plist; sourceTree = "<group>"; };
		2798194A26C5ABD700A588C1 /* I am RichUITests.xctest */ = {isa = PBXFileReference; explicitFileType = wrapper.cfbundle; includeInIndex = 0; path = "I am RichUITests.xctest"; sourceTree = BUILT_PRODUCTS_DIR; };
		2798194E26C5ABD700A588C1 /* I_am_RichUITests.swift */ = {isa = PBXFileReference; lastKnownFileType = sourcecode.swift; path = I_am_RichUITests.swift; sourceTree = "<group>"; };
		2798195026C5ABD700A588C1 /* Info.plist */ = {isa = PBXFileReference; lastKnownFileType = text.plist.xml; path = Info.plist; sourceTree = "<group>"; };
/* End PBXFileReference section */

/* Begin PBXFrameworksBuildPhase section */
		2798192626C5ABB900A588C1 /* Frameworks */ = {
			isa = PBXFrameworksBuildPhase;
			buildActionMask = 2147483647;
			files = (
			);
			runOnlyForDeploymentPostprocessing = 0;
		};
		2798193C26C5ABD700A588C1 /* Frameworks */ = {
			isa = PBXFrameworksBuildPhase;
			buildActionMask = 2147483647;
			files = (
			);
			runOnlyForDeploymentPostprocessing = 0;
		};
		2798194726C5ABD700A588C1 /* Frameworks */ = {
			isa = PBXFrameworksBuildPhase;
			buildActionMask = 2147483647;
			files = (
			);
			runOnlyForDeploymentPostprocessing = 0;
		};
/* End PBXFrameworksBuildPhase section */

/* Begin PBXGroup section */
		2798192026C5ABB900A588C1 = {
			isa = PBXGroup;
			children = (
				2798192B26C5ABBA00A588C1 /* I am Rich */,
				2798194226C5ABD700A588C1 /* I am RichTests */,
				2798194D26C5ABD700A588C1 /* I am RichUITests */,
				2798192A26C5ABBA00A588C1 /* Products */,
			);
			sourceTree = "<group>";
		};
		2798192A26C5ABBA00A588C1 /* Products */ = {
			isa = PBXGroup;
			children = (
				2798192926C5ABBA00A588C1 /* I am Rich.app */,
				2798193F26C5ABD700A588C1 /* I am RichTests.xctest */,
				2798194A26C5ABD700A588C1 /* I am RichUITests.xctest */,
			);
			name = Products;
			sourceTree = "<group>";
		};
		2798192B26C5ABBA00A588C1 /* I am Rich */ = {
			isa = PBXGroup;
			children = (
				2798192C26C5ABBA00A588C1 /* AppDelegate.swift */,
				2798192E26C5ABBA00A588C1 /* SceneDelegate.swift */,
				2798193026C5ABBA00A588C1 /* ViewController.swift */,
				2798193226C5ABBA00A588C1 /* Main.storyboard */,
				2798193526C5ABD600A588C1 /* Assets.xcassets */,
				2798193726C5ABD600A588C1 /* LaunchScreen.storyboard */,
				2798193A26C5ABD600A588C1 /* Info.plist */,
			);
			path = "I am Rich";
			sourceTree = "<group>";
		};
		2798194226C5ABD700A588C1 /* I am RichTests */ = {
			isa = PBXGroup;
			children = (
				2798194326C5ABD700A588C1 /* I_am_RichTests.swift */,
				2798194526C5ABD700A588C1 /* Info.plist */,
			);
			path = "I am RichTests";
			sourceTree = "<group>";
		};
		2798194D26C5ABD700A588C1 /* I am RichUITests */ = {
			isa = PBXGroup;
			children = (
				2798194E26C5ABD700A588C1 /* I_am_RichUITests.swift */,
				2798195026C5ABD700A588C1 /* Info.plist */,
			);
			path = "I am RichUITests";
			sourceTree = "<group>";
		};
/* End PBXGroup section */

/* Begin PBXNativeTarget section */
		2798192826C5ABB900A588C1 /* I am Rich */ = {
			isa = PBXNativeTarget;
			buildConfigurationList = 2798195326C5ABD700A588C1 /* Build configuration list for PBXNativeTarget "I am Rich" */;
			buildPhases = (
				2798192526C5ABB900A588C1 /* Sources */,
				2798192626C5ABB900A588C1 /* Frameworks */,
				2798192726C5ABB900A588C1 /* Resources */,
			);
			buildRules = (
			);
			dependencies = (
			);
			name = "I am Rich";
			productName = "I am Rich";
			productReference = 2798192926C5ABBA00A588C1 /* I am Rich.app */;
			productType = "com.apple.product-type.application";
		};
		2798193E26C5ABD700A588C1 /* I am RichTests */ = {
			isa = PBXNativeTarget;
			buildConfigurationList = 2798195626C5ABD700A588C1 /* Build configuration list for PBXNativeTarget "I am RichTests" */;
			buildPhases = (
				2798193B26C5ABD700A588C1 /* Sources */,
				2798193C26C5ABD700A588C1 /* Frameworks */,
				2798193D26C5ABD700A588C1 /* Resources */,
			);
			buildRules = (
			);
			dependencies = (
				2798194126C5ABD700A588C1 /* PBXTargetDependency */,
			);
			name = "I am RichTests";
			productName = "I am RichTests";
			productReference = 2798193F26C5ABD700A588C1 /* I am RichTests.xctest */;
			productType = "com.apple.product-type.bundle.unit-test";
		};
		2798194926C5ABD700A588C1 /* I am RichUITests */ = {
			isa = PBXNativeTarget;
			buildConfigurationList = 2798195926C5ABD700A588C1 /* Build configuration list for PBXNativeTarget "I am RichUITests" */;
			buildPhases = (
				2798194626C5ABD700A588C1 /* Sources */,
				2798194726C5ABD700A588C1 /* Frameworks */,
				2798194826C5ABD700A588C1 /* Resources */,
			);
			buildRules = (
			);
			dependencies = (
				2798194C26C5ABD700A588C1 /* PBXTargetDependency */,
			);
			name = "I am RichUITests";
			productName = "I am RichUITests";
			productReference = 2798194A26C5ABD700A588C1 /* I am RichUITests.xctest */;
			productType = "com.apple.product-type.bundle.ui-testing";
		};
/* End PBXNativeTarget section */

/* Begin PBXProject section */
		2798192126C5ABB900A588C1 /* Project object */ = {
			isa = PBXProject;
			attributes = {
				LastSwiftUpdateCheck = 1250;
				LastUpgradeCheck = 1250;
				TargetAttributes = {
					2798192826C5ABB900A588C1 = {
						CreatedOnToolsVersion = 12.5.1;
					};
					2798193E26C5ABD700A588C1 = {
						CreatedOnToolsVersion = 12.5.1;
						TestTargetID = 2798192826C5ABB900A588C1;
					};
					2798194926C5ABD700A588C1 = {
						CreatedOnToolsVersion = 12.5.1;
						TestTargetID = 2798192826C5ABB900A588C1;
					};
				};
			};
			buildConfigurationList = 2798192426C5ABB900A588C1 /* Build configuration list for PBXProject "I am Rich" */;
			compatibilityVersion = "Xcode 9.3";
			developmentRegion = en;
			hasScannedForEncodings = 0;
			knownRegions = (
				en,
				Base,
			);
			mainGroup = 2798192026C5ABB900A588C1;
			productRefGroup = 2798192A26C5ABBA00A588C1 /* Products */;
			projectDirPath = "";
			projectRoot = "";
			targets = (
				2798192826C5ABB900A588C1 /* I am Rich */,
				2798193E26C5ABD700A588C1 /* I am RichTests */,
				2798194926C5ABD700A588C1 /* I am RichUITests */,
			);
		};
/* End PBXProject section */

/* Begin PBXResourcesBuildPhase section */
		2798192726C5ABB900A588C1 /* Resources */ = {
			isa = PBXResourcesBuildPhase;
			buildActionMask = 2147483647;
			files = (
				2798193926C5ABD600A588C1 /* LaunchScreen.storyboard in Resources */,
				2798193626C5ABD600A588C1 /* Assets.xcassets in Resources */,
				2798193426C5ABBA00A588C1 /* Main.storyboard in Resources */,
			);
			runOnlyForDeploymentPostprocessing = 0;
		};
		2798193D26C5ABD700A588C1 /* Resources */ = {
			isa = PBXResourcesBuildPhase;
			buildActionMask = 2147483647;
			files = (
			);
			runOnlyForDeploymentPostprocessing = 0;
		};
		2798194826C5ABD700A588C1 /* Resources */ = {
			isa = PBXResourcesBuildPhase;
			buildActionMask = 2147483647;
			files = (
			);
			runOnlyForDeploymentPostprocessing = 0;
		};
/* End PBXResourcesBuildPhase section */

/* Begin PBXSourcesBuildPhase section */
		2798192526C5ABB900A588C1 /* Sources */ = {
			isa = PBXSourcesBuildPhase;
			buildActionMask = 2147483647;
			files = (
				2798193126C5ABBA00A588C1 /* ViewController.swift in Sources */,
				2798192D26C5ABBA00A588C1 /* AppDelegate.swift in Sources */,
				2798192F26C5ABBA00A588C1 /* SceneDelegate.swift in Sources */,
			);
			runOnlyForDeploymentPostprocessing = 0;
		};
		2798193B26C5ABD700A588C1 /* Sources */ = {
			isa = PBXSourcesBuildPhase;
			buildActionMask = 2147483647;
			files = (
				2798194426C5ABD700A588C1 /* I_am_RichTests.swift in Sources */,
			);
			runOnlyForDeploymentPostprocessing = 0;
		};
		2798194626C5ABD700A588C1 /* Sources */ = {
			isa = PBXSourcesBuildPhase;
			buildActionMask = 2147483647;
			files = (
				2798194F26C5ABD700A588C1 /* I_am_RichUITests.swift in Sources */,
			);
			runOnlyForDeploymentPostprocessing = 0;
		};
/* End PBXSourcesBuildPhase section */

/* Begin PBXTargetDependency section */
		2798194126C5ABD700A588C1 /* PBXTargetDependency */ = {
			isa = PBXTargetDependency;
			target = 2798192826C5ABB900A588C1 /* I am Rich */;
			targetProxy = 2798194026C5ABD700A588C1 /* PBXContainerItemProxy */;
		};
		2798194C26C5ABD700A588C1 /* PBXTargetDependency */ = {
			isa = PBXTargetDependency;
			target = 2798192826C5ABB900A588C1 /* I am Rich */;
			targetProxy = 2798194B26C5ABD700A588C1 /* PBXContainerItemProxy */;
		};
/* End PBXTargetDependency section */

/* Begin PBXVariantGroup section */
		2798193226C5ABBA00A588C1 /* Main.storyboard */ = {
			isa = PBXVariantGroup;
			children = (
				2798193326C5ABBA00A588C1 /* Base */,
			);
			name = Main.storyboard;
			sourceTree = "<group>";
		};
		2798193726C5ABD600A588C1 /* LaunchScreen.storyboard */ = {
			isa = PBXVariantGroup;
			children = (
				2798193826C5ABD600A588C1 /* Base */,
			);
			name = LaunchScreen.storyboard;
			sourceTree = "<group>";
		};
/* End PBXVariantGroup section */

/* Begin XCBuildConfiguration section */
		2798195126C5ABD700A588C1 /* Debug */ = {
			isa = XCBuildConfiguration;
			buildSettings = {
				ALWAYS_SEARCH_USER_PATHS = NO;
				CLANG_ANALYZER_NONNULL = YES;
				CLANG_ANALYZER_NUMBER_OBJECT_CONVERSION = YES_AGGRESSIVE;
				CLANG_CXX_LANGUAGE_STANDARD = "gnu++14";
				CLANG_CXX_LIBRARY = "libc++";
				CLANG_ENABLE_MODULES = YES;
				CLANG_ENABLE_OBJC_ARC = YES;
				CLANG_ENABLE_OBJC_WEAK = YES;
				CLANG_WARN_BLOCK_CAPTURE_AUTORELEASING = YES;
				CLANG_WARN_BOOL_CONVERSION = YES;
				CLANG_WARN_COMMA = YES;
				CLANG_WARN_CONSTANT_CONVERSION = YES;
				CLANG_WARN_DEPRECATED_OBJC_IMPLEMENTATIONS = YES;
				CLANG_WARN_DIRECT_OBJC_ISA_USAGE = YES_ERROR;
				CLANG_WARN_DOCUMENTATION_COMMENTS = YES;
				CLANG_WARN_EMPTY_BODY = YES;
				CLANG_WARN_ENUM_CONVERSION = YES;
				CLANG_WARN_INFINITE_RECURSION = YES;
				CLANG_WARN_INT_CONVERSION = YES;
				CLANG_WARN_NON_LITERAL_NULL_CONVERSION = YES;
				CLANG_WARN_OBJC_IMPLICIT_RETAIN_SELF = YES;
				CLANG_WARN_OBJC_LITERAL_CONVERSION = YES;
				CLANG_WARN_OBJC_ROOT_CLASS = YES_ERROR;
				CLANG_WARN_QUOTED_INCLUDE_IN_FRAMEWORK_HEADER = YES;
				CLANG_WARN_RANGE_LOOP_ANALYSIS = YES;
				CLANG_WARN_STRICT_PROTOTYPES = YES;
				CLANG_WARN_SUSPICIOUS_MOVE = YES;
				CLANG_WARN_UNGUARDED_AVAILABILITY = YES_AGGRESSIVE;
				CLANG_WARN_UNREACHABLE_CODE = YES;
				CLANG_WARN__DUPLICATE_METHOD_MATCH = YES;
				COPY_PHASE_STRIP = NO;
				DEBUG_INFORMATION_FORMAT = dwarf;
				ENABLE_STRICT_OBJC_MSGSEND = YES;
				ENABLE_TESTABILITY = YES;
				GCC_C_LANGUAGE_STANDARD = gnu11;
				GCC_DYNAMIC_NO_PIC = NO;
				GCC_NO_COMMON_BLOCKS = YES;
				GCC_OPTIMIZATION_LEVEL = 0;
				GCC_PREPROCESSOR_DEFINITIONS = (
					"DEBUG=1",
					"$(inherited)",
				);
				GCC_WARN_64_TO_32_BIT_CONVERSION = YES;
				GCC_WARN_ABOUT_RETURN_TYPE = YES_ERROR;
				GCC_WARN_UNDECLARED_SELECTOR = YES;
				GCC_WARN_UNINITIALIZED_AUTOS = YES_AGGRESSIVE;
				GCC_WARN_UNUSED_FUNCTION = YES;
				GCC_WARN_UNUSED_VARIABLE = YES;
				IPHONEOS_DEPLOYMENT_TARGET = 14.5;
				MTL_ENABLE_DEBUG_INFO = INCLUDE_SOURCE;
				MTL_FAST_MATH = YES;
				ONLY_ACTIVE_ARCH = YES;
				SDKROOT = iphoneos;
				SWIFT_ACTIVE_COMPILATION_CONDITIONS = DEBUG;
				SWIFT_OPTIMIZATION_LEVEL = "-Onone";
			};
			name = Debug;
		};
		2798195226C5ABD700A588C1 /* Release */ = {
			isa = XCBuildConfiguration;
			buildSettings = {
				ALWAYS_SEARCH_USER_PATHS = NO;
				CLANG_ANALYZER_NONNULL = YES;
				CLANG_ANALYZER_NUMBER_OBJECT_CONVERSION = YES_AGGRESSIVE;
				CLANG_CXX_LANGUAGE_STANDARD = "gnu++14";
				CLANG_CXX_LIBRARY = "libc++";
				CLANG_ENABLE_MODULES = YES;
				CLANG_ENABLE_OBJC_ARC = YES;
				CLANG_ENABLE_OBJC_WEAK = YES;
				CLANG_WARN_BLOCK_CAPTURE_AUTORELEASING = YES;
				CLANG_WARN_BOOL_CONVERSION = YES;
				CLANG_WARN_COMMA = YES;
				CLANG_WARN_CONSTANT_CONVERSION = YES;
				CLANG_WARN_DEPRECATED_OBJC_IMPLEMENTATIONS = YES;
				CLANG_WARN_DIRECT_OBJC_ISA_USAGE = YES_ERROR;
				CLANG_WARN_DOCUMENTATION_COMMENTS = YES;
				CLANG_WARN_EMPTY_BODY = YES;
				CLANG_WARN_ENUM_CONVERSION = YES;
				CLANG_WARN_INFINITE_RECURSION = YES;
				CLANG_WARN_INT_CONVERSION = YES;
				CLANG_WARN_NON_LITERAL_NULL_CONVERSION = YES;
				CLANG_WARN_OBJC_IMPLICIT_RETAIN_SELF = YES;
				CLANG_WARN_OBJC_LITERAL_CONVERSION = YES;
				CLANG_WARN_OBJC_ROOT_CLASS = YES_ERROR;
				CLANG_WARN_QUOTED_INCLUDE_IN_FRAMEWORK_HEADER = YES;
				CLANG_WARN_RANGE_LOOP_ANALYSIS = YES;
				CLANG_WARN_STRICT_PROTOTYPES = YES;
				CLANG_WARN_SUSPICIOUS_MOVE = YES;
				CLANG_WARN_UNGUARDED_AVAILABILITY = YES_AGGRESSIVE;
				CLANG_WARN_UNREACHABLE_CODE = YES;
				CLANG_WARN__DUPLICATE_METHOD_MATCH = YES;
				COPY_PHASE_STRIP = NO;
				DEBUG_INFORMATION_FORMAT = "dwarf-with-dsym";
				ENABLE_NS_ASSERTIONS = NO;
				ENABLE_STRICT_OBJC_MSGSEND = YES;
				GCC_C_LANGUAGE_STANDARD = gnu11;
				GCC_NO_COMMON_BLOCKS = YES;
				GCC_WARN_64_TO_32_BIT_CONVERSION = YES;
				GCC_WARN_ABOUT_RETURN_TYPE = YES_ERROR;
				GCC_WARN_UNDECLARED_SELECTOR = YES;
				GCC_WARN_UNINITIALIZED_AUTOS = YES_AGGRESSIVE;
				GCC_WARN_UNUSED_FUNCTION = YES;
				GCC_WARN_UNUSED_VARIABLE = YES;
				IPHONEOS_DEPLOYMENT_TARGET = 14.5;
				MTL_ENABLE_DEBUG_INFO = NO;
				MTL_FAST_MATH = YES;
				SDKROOT = iphoneos;
				SWIFT_COMPILATION_MODE = wholemodule;
				SWIFT_OPTIMIZATION_LEVEL = "-O";
				VALIDATE_PRODUCT = YES;
			};
			name = Release;
		};
		2798195426C5ABD700A588C1 /* Debug */ = {
			isa = XCBuildConfiguration;
			buildSettings = {
				ASSETCATALOG_COMPILER_APPICON_NAME = AppIcon;
				ASSETCATALOG_COMPILER_GLOBAL_ACCENT_COLOR_NAME = AccentColor;
				CODE_SIGN_STYLE = Automatic;
				INFOPLIST_FILE = "I am Rich/Info.plist";
				LD_RUNPATH_SEARCH_PATHS = (
					"$(inherited)",
					"@executable_path/Frameworks",
				);
				PRODUCT_BUNDLE_IDENTIFIER = "com.shilpeegupta.I-am-Rich";
				PRODUCT_NAME = "$(TARGET_NAME)";
				SWIFT_VERSION = 5.0;
				TARGETED_DEVICE_FAMILY = "1,2";
			};
			name = Debug;
		};
		2798195526C5ABD700A588C1 /* Release */ = {
			isa = XCBuildConfiguration;
			buildSettings = {
				ASSETCATALOG_COMPILER_APPICON_NAME = AppIcon;
				ASSETCATALOG_COMPILER_GLOBAL_ACCENT_COLOR_NAME = AccentColor;
				CODE_SIGN_STYLE = Automatic;
				INFOPLIST_FILE = "I am Rich/Info.plist";
				LD_RUNPATH_SEARCH_PATHS = (
					"$(inherited)",
					"@executable_path/Frameworks",
				);
				PRODUCT_BUNDLE_IDENTIFIER = "com.shilpeegupta.I-am-Rich";
				PRODUCT_NAME = "$(TARGET_NAME)";
				SWIFT_VERSION = 5.0;
				TARGETED_DEVICE_FAMILY = "1,2";
			};
			name = Release;
		};
		2798195726C5ABD700A588C1 /* Debug */ = {
			isa = XCBuildConfiguration;
			buildSettings = {
				ALWAYS_EMBED_SWIFT_STANDARD_LIBRARIES = YES;
				BUNDLE_LOADER = "$(TEST_HOST)";
				CODE_SIGN_STYLE = Automatic;
				INFOPLIST_FILE = "I am RichTests/Info.plist";
				IPHONEOS_DEPLOYMENT_TARGET = 14.5;
				LD_RUNPATH_SEARCH_PATHS = (
					"$(inherited)",
					"@executable_path/Frameworks",
					"@loader_path/Frameworks",
				);
				PRODUCT_BUNDLE_IDENTIFIER = "com.shilpeegupta.I-am-RichTests";
				PRODUCT_NAME = "$(TARGET_NAME)";
				SWIFT_VERSION = 5.0;
				TARGETED_DEVICE_FAMILY = "1,2";
				TEST_HOST = "$(BUILT_PRODUCTS_DIR)/I am Rich.app/I am Rich";
			};
			name = Debug;
		};
		2798195826C5ABD700A588C1 /* Release */ = {
			isa = XCBuildConfiguration;
			buildSettings = {
				ALWAYS_EMBED_SWIFT_STANDARD_LIBRARIES = YES;
				BUNDLE_LOADER = "$(TEST_HOST)";
				CODE_SIGN_STYLE = Automatic;
				INFOPLIST_FILE = "I am RichTests/Info.plist";
				IPHONEOS_DEPLOYMENT_TARGET = 14.5;
				LD_RUNPATH_SEARCH_PATHS = (
					"$(inherited)",
					"@executable_path/Frameworks",
					"@loader_path/Frameworks",
				);
				PRODUCT_BUNDLE_IDENTIFIER = "com.shilpeegupta.I-am-RichTests";
				PRODUCT_NAME = "$(TARGET_NAME)";
				SWIFT_VERSION = 5.0;
				TARGETED_DEVICE_FAMILY = "1,2";
				TEST_HOST = "$(BUILT_PRODUCTS_DIR)/I am Rich.app/I am Rich";
			};
			name = Release;
		};
		2798195A26C5ABD700A588C1 /* Debug */ = {
			isa = XCBuildConfiguration;
			buildSettings = {
				ALWAYS_EMBED_SWIFT_STANDARD_LIBRARIES = YES;
				CODE_SIGN_STYLE = Automatic;
				INFOPLIST_FILE = "I am RichUITests/Info.plist";
				LD_RUNPATH_SEARCH_PATHS = (
					"$(inherited)",
					"@executable_path/Frameworks",
					"@loader_path/Frameworks",
				);
				PRODUCT_BUNDLE_IDENTIFIER = "com.shilpeegupta.I-am-RichUITests";
				PRODUCT_NAME = "$(TARGET_NAME)";
				SWIFT_VERSION = 5.0;
				TARGETED_DEVICE_FAMILY = "1,2";
				TEST_TARGET_NAME = "I am Rich";
			};
			name = Debug;
		};
		2798195B26C5ABD700A588C1 /* Release */ = {
			isa = XCBuildConfiguration;
			buildSettings = {
				ALWAYS_EMBED_SWIFT_STANDARD_LIBRARIES = YES;
				CODE_SIGN_STYLE = Automatic;
				INFOPLIST_FILE = "I am RichUITests/Info.plist";
				LD_RUNPATH_SEARCH_PATHS = (
					"$(inherited)",
					"@executable_path/Frameworks",
					"@loader_path/Frameworks",
				);
				PRODUCT_BUNDLE_IDENTIFIER = "com.shilpeegupta.I-am-RichUITests";
				PRODUCT_NAME = "$(TARGET_NAME)";
				SWIFT_VERSION = 5.0;
				TARGETED_DEVICE_FAMILY = "1,2";
				TEST_TARGET_NAME = "I am Rich";
			};
			name = Release;
		};
/* End XCBuildConfiguration section */

/* Begin XCConfigurationList section */
		2798192426C5ABB900A588C1 /* Build configuration list for PBXProject "I am Rich" */ = {
			isa = XCConfigurationList;
			buildConfigurations = (
				2798195126C5ABD700A588C1 /* Debug */,
				2798195226C5ABD700A588C1 /* Release */,
			);
			defaultConfigurationIsVisible = 0;
			defaultConfigurationName = Release;
		};
		2798195326C5ABD700A588C1 /* Build configuration list for PBXNativeTarget "I am Rich" */ = {
			isa = XCConfigurationList;
			buildConfigurations = (
				2798195426C5ABD700A588C1 /* Debug */,
				2798195526C5ABD700A588C1 /* Release */,
			);
			defaultConfigurationIsVisible = 0;
			defaultConfigurationName = Release;
		};
		2798195626C5ABD700A588C1 /* Build configuration list for PBXNativeTarget "I am RichTests" */ = {
			isa = XCConfigurationList;
			buildConfigurations = (
				2798195726C5ABD700A588C1 /* Debug */,
				2798195826C5ABD700A588C1 /* Release */,
			);
			defaultConfigurationIsVisible = 0;
			defaultConfigurationName = Release;
		};
		2798195926C5ABD700A588C1 /* Build configuration list for PBXNativeTarget "I am RichUITests" */ = {
			isa = XCConfigurationList;
			buildConfigurations = (
				2798195A26C5ABD700A588C1 /* Debug */,
				2798195B26C5ABD700A588C1 /* Release */,
			);
			defaultConfigurationIsVisible = 0;
			defaultConfigurationName = Release;
		};
/* End XCConfigurationList section */
	};
	rootObject = 2798192126C5ABB900A588C1 /* Project object */;
}
